// !$*UTF8*$!
{
	archiveVersion = 1;
	classes = {
	};
	objectVersion = 56;
	objects = {

/* Begin PBXBuildFile section */
		465A42282C04996A004FECFC /* AppDelegate.swift in Sources */ = {isa = PBXBuildFile; fileRef = 465A42272C04996A004FECFC /* AppDelegate.swift */; };
		465A422A2C04996A004FECFC /* SceneDelegate.swift in Sources */ = {isa = PBXBuildFile; fileRef = 465A42292C04996A004FECFC /* SceneDelegate.swift */; };
		465A422C2C04996A004FECFC /* ViewController.swift in Sources */ = {isa = PBXBuildFile; fileRef = 465A422B2C04996A004FECFC /* ViewController.swift */; };
		465A422F2C04996A004FECFC /* Base in Resources */ = {isa = PBXBuildFile; fileRef = 465A422E2C04996A004FECFC /* Base */; };
		465A42312C049970004FECFC /* Assets.xcassets in Resources */ = {isa = PBXBuildFile; fileRef = 465A42302C049970004FECFC /* Assets.xcassets */; };
		465A42342C049970004FECFC /* Base in Resources */ = {isa = PBXBuildFile; fileRef = 465A42332C049970004FECFC /* Base */; };
		465A423C2C049BAE004FECFC /* TripViewController.swift in Sources */ = {isa = PBXBuildFile; fileRef = 465A423B2C049BAE004FECFC /* TripViewController.swift */; };
		465A423F2C049C64004FECFC /* TripTableViewCell.xib in Resources */ = {isa = PBXBuildFile; fileRef = 465A423E2C049C64004FECFC /* TripTableViewCell.xib */; };
		465A42402C049C64004FECFC /* TripTableViewCell.swift in Sources */ = {isa = PBXBuildFile; fileRef = 465A423D2C049C64004FECFC /* TripTableViewCell.swift */; };
		465A42422C049CF2004FECFC /* TravelModel.swift in Sources */ = {isa = PBXBuildFile; fileRef = 465A42412C049CF2004FECFC /* TravelModel.swift */; };
		465A42452C04A063004FECFC /* ADTableViewCell.xib in Resources */ = {isa = PBXBuildFile; fileRef = 465A42442C04A062004FECFC /* ADTableViewCell.xib */; };
		465A42462C04A063004FECFC /* ADTableViewCell.swift in Sources */ = {isa = PBXBuildFile; fileRef = 465A42432C04A062004FECFC /* ADTableViewCell.swift */; };
		465A42482C04A589004FECFC /* cellViewController.swift in Sources */ = {isa = PBXBuildFile; fileRef = 465A42472C04A589004FECFC /* cellViewController.swift */; };
		465A424B2C04B06A004FECFC /* Kingfisher in Frameworks */ = {isa = PBXBuildFile; productRef = 465A424A2C04B06A004FECFC /* Kingfisher */; };
		46A7EA5F2C070D1E00787311 /* DetailViewController.swift in Sources */ = {isa = PBXBuildFile; fileRef = 46A7EA5E2C070D1E00787311 /* DetailViewController.swift */; };
		46A7EA612C070D2D00787311 /* ADDetailViewController.swift in Sources */ = {isa = PBXBuildFile; fileRef = 46A7EA602C070D2D00787311 /* ADDetailViewController.swift */; };
		46A7EAA22C0871A300787311 /* Font.swift in Sources */ = {isa = PBXBuildFile; fileRef = 46A7EAA12C0871A300787311 /* Font.swift */; };
/* End PBXBuildFile section */

/* Begin PBXFileReference section */
		465A42242C04996A004FECFC /* TripApp.app */ = {isa = PBXFileReference; explicitFileType = wrapper.application; includeInIndex = 0; path = TripApp.app; sourceTree = BUILT_PRODUCTS_DIR; };
		465A42272C04996A004FECFC /* AppDelegate.swift */ = {isa = PBXFileReference; lastKnownFileType = sourcecode.swift; path = AppDelegate.swift; sourceTree = "<group>"; };
		465A42292C04996A004FECFC /* SceneDelegate.swift */ = {isa = PBXFileReference; lastKnownFileType = sourcecode.swift; path = SceneDelegate.swift; sourceTree = "<group>"; };
		465A422B2C04996A004FECFC /* ViewController.swift */ = {isa = PBXFileReference; lastKnownFileType = sourcecode.swift; path = ViewController.swift; sourceTree = "<group>"; };
		465A422E2C04996A004FECFC /* Base */ = {isa = PBXFileReference; lastKnownFileType = file.storyboard; name = Base; path = Base.lproj/Main.storyboard; sourceTree = "<group>"; };
		465A42302C049970004FECFC /* Assets.xcassets */ = {isa = PBXFileReference; lastKnownFileType = folder.assetcatalog; path = Assets.xcassets; sourceTree = "<group>"; };
		465A42332C049970004FECFC /* Base */ = {isa = PBXFileReference; lastKnownFileType = file.storyboard; name = Base; path = Base.lproj/LaunchScreen.storyboard; sourceTree = "<group>"; };
		465A42352C049970004FECFC /* Info.plist */ = {isa = PBXFileReference; lastKnownFileType = text.plist.xml; path = Info.plist; sourceTree = "<group>"; };
		465A423B2C049BAE004FECFC /* TripViewController.swift */ = {isa = PBXFileReference; lastKnownFileType = sourcecode.swift; path = TripViewController.swift; sourceTree = "<group>"; };
		465A423D2C049C64004FECFC /* TripTableViewCell.swift */ = {isa = PBXFileReference; lastKnownFileType = sourcecode.swift; path = TripTableViewCell.swift; sourceTree = "<group>"; };
		465A423E2C049C64004FECFC /* TripTableViewCell.xib */ = {isa = PBXFileReference; lastKnownFileType = file.xib; path = TripTableViewCell.xib; sourceTree = "<group>"; };
		465A42412C049CF2004FECFC /* TravelModel.swift */ = {isa = PBXFileReference; fileEncoding = 4; lastKnownFileType = sourcecode.swift; path = TravelModel.swift; sourceTree = "<group>"; };
		465A42432C04A062004FECFC /* ADTableViewCell.swift */ = {isa = PBXFileReference; lastKnownFileType = sourcecode.swift; path = ADTableViewCell.swift; sourceTree = "<group>"; };
		465A42442C04A062004FECFC /* ADTableViewCell.xib */ = {isa = PBXFileReference; lastKnownFileType = file.xib; path = ADTableViewCell.xib; sourceTree = "<group>"; };
		465A42472C04A589004FECFC /* cellViewController.swift */ = {isa = PBXFileReference; lastKnownFileType = sourcecode.swift; path = cellViewController.swift; sourceTree = "<group>"; };
		46A7EA5E2C070D1E00787311 /* DetailViewController.swift */ = {isa = PBXFileReference; lastKnownFileType = sourcecode.swift; path = DetailViewController.swift; sourceTree = "<group>"; };
		46A7EA602C070D2D00787311 /* ADDetailViewController.swift */ = {isa = PBXFileReference; lastKnownFileType = sourcecode.swift; path = ADDetailViewController.swift; sourceTree = "<group>"; };
		46A7EAA12C0871A300787311 /* Font.swift */ = {isa = PBXFileReference; lastKnownFileType = sourcecode.swift; path = Font.swift; sourceTree = "<group>"; };
/* End PBXFileReference section */

/* Begin PBXFrameworksBuildPhase section */
		465A42212C04996A004FECFC /* Frameworks */ = {
			isa = PBXFrameworksBuildPhase;
			buildActionMask = 2147483647;
			files = (
				465A424B2C04B06A004FECFC /* Kingfisher in Frameworks */,
			);
			runOnlyForDeploymentPostprocessing = 0;
		};
/* End PBXFrameworksBuildPhase section */

/* Begin PBXGroup section */
		465A421B2C04996A004FECFC = {
			isa = PBXGroup;
			children = (
				465A42262C04996A004FECFC /* TripApp */,
				465A42412C049CF2004FECFC /* TravelModel.swift */,
				465A42252C04996A004FECFC /* Products */,
			);
			sourceTree = "<group>";
		};
		465A42252C04996A004FECFC /* Products */ = {
			isa = PBXGroup;
			children = (
				465A42242C04996A004FECFC /* TripApp.app */,
			);
			name = Products;
			sourceTree = "<group>";
		};
		465A42262C04996A004FECFC /* TripApp */ = {
			isa = PBXGroup;
			children = (
				465A42272C04996A004FECFC /* AppDelegate.swift */,
				465A42292C04996A004FECFC /* SceneDelegate.swift */,
				465A422B2C04996A004FECFC /* ViewController.swift */,
				465A423B2C049BAE004FECFC /* TripViewController.swift */,
				465A422D2C04996A004FECFC /* Main.storyboard */,
				46A7EA5E2C070D1E00787311 /* DetailViewController.swift */,
				46A7EA602C070D2D00787311 /* ADDetailViewController.swift */,
				465A423D2C049C64004FECFC /* TripTableViewCell.swift */,
				465A42472C04A589004FECFC /* cellViewController.swift */,
				465A42432C04A062004FECFC /* ADTableViewCell.swift */,
				465A42442C04A062004FECFC /* ADTableViewCell.xib */,
				465A423E2C049C64004FECFC /* TripTableViewCell.xib */,
				465A42302C049970004FECFC /* Assets.xcassets */,
				465A42322C049970004FECFC /* LaunchScreen.storyboard */,
				465A42352C049970004FECFC /* Info.plist */,
				46A7EAA12C0871A300787311 /* Font.swift */,
			);
			path = TripApp;
			sourceTree = "<group>";
		};
/* End PBXGroup section */

/* Begin PBXNativeTarget section */
		465A42232C04996A004FECFC /* TripApp */ = {
			isa = PBXNativeTarget;
			buildConfigurationList = 465A42382C049970004FECFC /* Build configuration list for PBXNativeTarget "TripApp" */;
			buildPhases = (
				465A42202C04996A004FECFC /* Sources */,
				465A42212C04996A004FECFC /* Frameworks */,
				465A42222C04996A004FECFC /* Resources */,
			);
			buildRules = (
			);
			dependencies = (
			);
			name = TripApp;
			packageProductDependencies = (
				465A424A2C04B06A004FECFC /* Kingfisher */,
			);
			productName = TripApp;
			productReference = 465A42242C04996A004FECFC /* TripApp.app */;
			productType = "com.apple.product-type.application";
		};
/* End PBXNativeTarget section */

/* Begin PBXProject section */
		465A421C2C04996A004FECFC /* Project object */ = {
			isa = PBXProject;
			attributes = {
				BuildIndependentTargetsInParallel = 1;
				LastSwiftUpdateCheck = 1540;
				LastUpgradeCheck = 1540;
				TargetAttributes = {
					465A42232C04996A004FECFC = {
						CreatedOnToolsVersion = 15.4;
					};
				};
			};
			buildConfigurationList = 465A421F2C04996A004FECFC /* Build configuration list for PBXProject "TripApp" */;
			compatibilityVersion = "Xcode 14.0";
			developmentRegion = en;
			hasScannedForEncodings = 0;
			knownRegions = (
				en,
				Base,
			);
			mainGroup = 465A421B2C04996A004FECFC;
			packageReferences = (
				465A42492C04B06A004FECFC /* XCRemoteSwiftPackageReference "Kingfisher" */,
			);
			productRefGroup = 465A42252C04996A004FECFC /* Products */;
			projectDirPath = "";
			projectRoot = "";
			targets = (
				465A42232C04996A004FECFC /* TripApp */,
			);
		};
/* End PBXProject section */

/* Begin PBXResourcesBuildPhase section */
		465A42222C04996A004FECFC /* Resources */ = {
			isa = PBXResourcesBuildPhase;
			buildActionMask = 2147483647;
			files = (
				465A423F2C049C64004FECFC /* TripTableViewCell.xib in Resources */,
				465A42312C049970004FECFC /* Assets.xcassets in Resources */,
				465A42342C049970004FECFC /* Base in Resources */,
				465A422F2C04996A004FECFC /* Base in Resources */,
				465A42452C04A063004FECFC /* ADTableViewCell.xib in Resources */,
			);
			runOnlyForDeploymentPostprocessing = 0;
		};
/* End PBXResourcesBuildPhase section */

/* Begin PBXSourcesBuildPhase section */
		465A42202C04996A004FECFC /* Sources */ = {
			isa = PBXSourcesBuildPhase;
			buildActionMask = 2147483647;
			files = (
				46A7EA5F2C070D1E00787311 /* DetailViewController.swift in Sources */,
				46A7EAA22C0871A300787311 /* Font.swift in Sources */,
				465A422C2C04996A004FECFC /* ViewController.swift in Sources */,
				46A7EA612C070D2D00787311 /* ADDetailViewController.swift in Sources */,
				465A423C2C049BAE004FECFC /* TripViewController.swift in Sources */,
				465A42482C04A589004FECFC /* cellViewController.swift in Sources */,
				465A42462C04A063004FECFC /* ADTableViewCell.swift in Sources */,
				465A42282C04996A004FECFC /* AppDelegate.swift in Sources */,
				465A42422C049CF2004FECFC /* TravelModel.swift in Sources */,
				465A422A2C04996A004FECFC /* SceneDelegate.swift in Sources */,
				465A42402C049C64004FECFC /* TripTableViewCell.swift in Sources */,
			);
			runOnlyForDeploymentPostprocessing = 0;
		};
/* End PBXSourcesBuildPhase section */

/* Begin PBXVariantGroup section */
		465A422D2C04996A004FECFC /* Main.storyboard */ = {
			isa = PBXVariantGroup;
			children = (
				465A422E2C04996A004FECFC /* Base */,
			);
			name = Main.storyboard;
			sourceTree = "<group>";
		};
		465A42322C049970004FECFC /* LaunchScreen.storyboard */ = {
			isa = PBXVariantGroup;
			children = (
				465A42332C049970004FECFC /* Base */,
			);
			name = LaunchScreen.storyboard;
			sourceTree = "<group>";
		};
/* End PBXVariantGroup section */

/* Begin XCBuildConfiguration section */
		465A42362C049970004FECFC /* Debug */ = {
			isa = XCBuildConfiguration;
			buildSettings = {
				ALWAYS_SEARCH_USER_PATHS = NO;
				ASSETCATALOG_COMPILER_GENERATE_SWIFT_ASSET_SYMBOL_EXTENSIONS = YES;
				CLANG_ANALYZER_NONNULL = YES;
				CLANG_ANALYZER_NUMBER_OBJECT_CONVERSION = YES_AGGRESSIVE;
				CLANG_CXX_LANGUAGE_STANDARD = "gnu++20";
				CLANG_ENABLE_MODULES = YES;
				CLANG_ENABLE_OBJC_ARC = YES;
				CLANG_ENABLE_OBJC_WEAK = YES;
				CLANG_WARN_BLOCK_CAPTURE_AUTORELEASING = YES;
				CLANG_WARN_BOOL_CONVERSION = YES;
				CLANG_WARN_COMMA = YES;
				CLANG_WARN_CONSTANT_CONVERSION = YES;
				CLANG_WARN_DEPRECATED_OBJC_IMPLEMENTATIONS = YES;
				CLANG_WARN_DIRECT_OBJC_ISA_USAGE = YES_ERROR;
				CLANG_WARN_DOCUMENTATION_COMMENTS = YES;
				CLANG_WARN_EMPTY_BODY = YES;
				CLANG_WARN_ENUM_CONVERSION = YES;
				CLANG_WARN_INFINITE_RECURSION = YES;
				CLANG_WARN_INT_CONVERSION = YES;
				CLANG_WARN_NON_LITERAL_NULL_CONVERSION = YES;
				CLANG_WARN_OBJC_IMPLICIT_RETAIN_SELF = YES;
				CLANG_WARN_OBJC_LITERAL_CONVERSION = YES;
				CLANG_WARN_OBJC_ROOT_CLASS = YES_ERROR;
				CLANG_WARN_QUOTED_INCLUDE_IN_FRAMEWORK_HEADER = YES;
				CLANG_WARN_RANGE_LOOP_ANALYSIS = YES;
				CLANG_WARN_STRICT_PROTOTYPES = YES;
				CLANG_WARN_SUSPICIOUS_MOVE = YES;
				CLANG_WARN_UNGUARDED_AVAILABILITY = YES_AGGRESSIVE;
				CLANG_WARN_UNREACHABLE_CODE = YES;
				CLANG_WARN__DUPLICATE_METHOD_MATCH = YES;
				COPY_PHASE_STRIP = NO;
				DEBUG_INFORMATION_FORMAT = dwarf;
				ENABLE_STRICT_OBJC_MSGSEND = YES;
				ENABLE_TESTABILITY = YES;
				ENABLE_USER_SCRIPT_SANDBOXING = YES;
				GCC_C_LANGUAGE_STANDARD = gnu17;
				GCC_DYNAMIC_NO_PIC = NO;
				GCC_NO_COMMON_BLOCKS = YES;
				GCC_OPTIMIZATION_LEVEL = 0;
				GCC_PREPROCESSOR_DEFINITIONS = (
					"DEBUG=1",
					"$(inherited)",
				);
				GCC_WARN_64_TO_32_BIT_CONVERSION = YES;
				GCC_WARN_ABOUT_RETURN_TYPE = YES_ERROR;
				GCC_WARN_UNDECLARED_SELECTOR = YES;
				GCC_WARN_UNINITIALIZED_AUTOS = YES_AGGRESSIVE;
				GCC_WARN_UNUSED_FUNCTION = YES;
				GCC_WARN_UNUSED_VARIABLE = YES;
				IPHONEOS_DEPLOYMENT_TARGET = 17.5;
				LOCALIZATION_PREFERS_STRING_CATALOGS = YES;
				MTL_ENABLE_DEBUG_INFO = INCLUDE_SOURCE;
				MTL_FAST_MATH = YES;
				ONLY_ACTIVE_ARCH = YES;
				SDKROOT = iphoneos;
				SWIFT_ACTIVE_COMPILATION_CONDITIONS = "DEBUG $(inherited)";
				SWIFT_OPTIMIZATION_LEVEL = "-Onone";
			};
			name = Debug;
		};
		465A42372C049970004FECFC /* Release */ = {
			isa = XCBuildConfiguration;
			buildSettings = {
				ALWAYS_SEARCH_USER_PATHS = NO;
				ASSETCATALOG_COMPILER_GENERATE_SWIFT_ASSET_SYMBOL_EXTENSIONS = YES;
				CLANG_ANALYZER_NONNULL = YES;
				CLANG_ANALYZER_NUMBER_OBJECT_CONVERSION = YES_AGGRESSIVE;
				CLANG_CXX_LANGUAGE_STANDARD = "gnu++20";
				CLANG_ENABLE_MODULES = YES;
				CLANG_ENABLE_OBJC_ARC = YES;
				CLANG_ENABLE_OBJC_WEAK = YES;
				CLANG_WARN_BLOCK_CAPTURE_AUTORELEASING = YES;
				CLANG_WARN_BOOL_CONVERSION = YES;
				CLANG_WARN_COMMA = YES;
				CLANG_WARN_CONSTANT_CONVERSION = YES;
				CLANG_WARN_DEPRECATED_OBJC_IMPLEMENTATIONS = YES;
				CLANG_WARN_DIRECT_OBJC_ISA_USAGE = YES_ERROR;
				CLANG_WARN_DOCUMENTATION_COMMENTS = YES;
				CLANG_WARN_EMPTY_BODY = YES;
				CLANG_WARN_ENUM_CONVERSION = YES;
				CLANG_WARN_INFINITE_RECURSION = YES;
				CLANG_WARN_INT_CONVERSION = YES;
				CLANG_WARN_NON_LITERAL_NULL_CONVERSION = YES;
				CLANG_WARN_OBJC_IMPLICIT_RETAIN_SELF = YES;
				CLANG_WARN_OBJC_LITERAL_CONVERSION = YES;
				CLANG_WARN_OBJC_ROOT_CLASS = YES_ERROR;
				CLANG_WARN_QUOTED_INCLUDE_IN_FRAMEWORK_HEADER = YES;
				CLANG_WARN_RANGE_LOOP_ANALYSIS = YES;
				CLANG_WARN_STRICT_PROTOTYPES = YES;
				CLANG_WARN_SUSPICIOUS_MOVE = YES;
				CLANG_WARN_UNGUARDED_AVAILABILITY = YES_AGGRESSIVE;
				CLANG_WARN_UNREACHABLE_CODE = YES;
				CLANG_WARN__DUPLICATE_METHOD_MATCH = YES;
				COPY_PHASE_STRIP = NO;
				DEBUG_INFORMATION_FORMAT = "dwarf-with-dsym";
				ENABLE_NS_ASSERTIONS = NO;
				ENABLE_STRICT_OBJC_MSGSEND = YES;
				ENABLE_USER_SCRIPT_SANDBOXING = YES;
				GCC_C_LANGUAGE_STANDARD = gnu17;
				GCC_NO_COMMON_BLOCKS = YES;
				GCC_WARN_64_TO_32_BIT_CONVERSION = YES;
				GCC_WARN_ABOUT_RETURN_TYPE = YES_ERROR;
				GCC_WARN_UNDECLARED_SELECTOR = YES;
				GCC_WARN_UNINITIALIZED_AUTOS = YES_AGGRESSIVE;
				GCC_WARN_UNUSED_FUNCTION = YES;
				GCC_WARN_UNUSED_VARIABLE = YES;
				IPHONEOS_DEPLOYMENT_TARGET = 17.5;
				LOCALIZATION_PREFERS_STRING_CATALOGS = YES;
				MTL_ENABLE_DEBUG_INFO = NO;
				MTL_FAST_MATH = YES;
				SDKROOT = iphoneos;
				SWIFT_COMPILATION_MODE = wholemodule;
				VALIDATE_PRODUCT = YES;
			};
			name = Release;
		};
		465A42392C049970004FECFC /* Debug */ = {
			isa = XCBuildConfiguration;
			buildSettings = {
				ASSETCATALOG_COMPILER_APPICON_NAME = AppIcon;
				ASSETCATALOG_COMPILER_GLOBAL_ACCENT_COLOR_NAME = AccentColor;
				CODE_SIGN_STYLE = Automatic;
				CURRENT_PROJECT_VERSION = 1;
				GENERATE_INFOPLIST_FILE = YES;
				INFOPLIST_FILE = TripApp/Info.plist;
				INFOPLIST_KEY_UIApplicationSupportsIndirectInputEvents = YES;
				INFOPLIST_KEY_UILaunchStoryboardName = LaunchScreen;
				INFOPLIST_KEY_UIMainStoryboardFile = Main;
				INFOPLIST_KEY_UISupportedInterfaceOrientations = UIInterfaceOrientationPortrait;
				INFOPLIST_KEY_UISupportedInterfaceOrientations_iPad = "UIInterfaceOrientationLandscapeLeft UIInterfaceOrientationLandscapeRight UIInterfaceOrientationPortrait UIInterfaceOrientationPortraitUpsideDown";
				LD_RUNPATH_SEARCH_PATHS = (
					"$(inherited)",
					"@executable_path/Frameworks",
				);
				MARKETING_VERSION = 1.0;
				PRODUCT_BUNDLE_IDENTIFIER = com.sesac.TripApp;
				PRODUCT_NAME = "$(TARGET_NAME)";
				SUPPORTED_PLATFORMS = "iphoneos iphonesimulator";
				SUPPORTS_MACCATALYST = NO;
				SUPPORTS_MAC_DESIGNED_FOR_IPHONE_IPAD = NO;
				SUPPORTS_XR_DESIGNED_FOR_IPHONE_IPAD = NO;
				SWIFT_EMIT_LOC_STRINGS = YES;
				SWIFT_VERSION = 5.0;
				TARGETED_DEVICE_FAMILY = 1;
			};
			name = Debug;
		};
		465A423A2C049970004FECFC /* Release */ = {
			isa = XCBuildConfiguration;
			buildSettings = {
				ASSETCATALOG_COMPILER_APPICON_NAME = AppIcon;
				ASSETCATALOG_COMPILER_GLOBAL_ACCENT_COLOR_NAME = AccentColor;
				CODE_SIGN_STYLE = Automatic;
				CURRENT_PROJECT_VERSION = 1;
				GENERATE_INFOPLIST_FILE = YES;
				INFOPLIST_FILE = TripApp/Info.plist;
				INFOPLIST_KEY_UIApplicationSupportsIndirectInputEvents = YES;
				INFOPLIST_KEY_UILaunchStoryboardName = LaunchScreen;
				INFOPLIST_KEY_UIMainStoryboardFile = Main;
				INFOPLIST_KEY_UISupportedInterfaceOrientations = UIInterfaceOrientationPortrait;
				INFOPLIST_KEY_UISupportedInterfaceOrientations_iPad = "UIInterfaceOrientationLandscapeLeft UIInterfaceOrientationLandscapeRight UIInterfaceOrientationPortrait UIInterfaceOrientationPortraitUpsideDown";
				LD_RUNPATH_SEARCH_PATHS = (
					"$(inherited)",
					"@executable_path/Frameworks",
				);
				MARKETING_VERSION = 1.0;
				PRODUCT_BUNDLE_IDENTIFIER = com.sesac.TripApp;
				PRODUCT_NAME = "$(TARGET_NAME)";
				SUPPORTED_PLATFORMS = "iphoneos iphonesimulator";
				SUPPORTS_MACCATALYST = NO;
				SUPPORTS_MAC_DESIGNED_FOR_IPHONE_IPAD = NO;
				SUPPORTS_XR_DESIGNED_FOR_IPHONE_IPAD = NO;
				SWIFT_EMIT_LOC_STRINGS = YES;
				SWIFT_VERSION = 5.0;
				TARGETED_DEVICE_FAMILY = 1;
			};
			name = Release;
		};
/* End XCBuildConfiguration section */

/* Begin XCConfigurationList section */
		465A421F2C04996A004FECFC /* Build configuration list for PBXProject "TripApp" */ = {
			isa = XCConfigurationList;
			buildConfigurations = (
				465A42362C049970004FECFC /* Debug */,
				465A42372C049970004FECFC /* Release */,
			);
			defaultConfigurationIsVisible = 0;
			defaultConfigurationName = Release;
		};
		465A42382C049970004FECFC /* Build configuration list for PBXNativeTarget "TripApp" */ = {
			isa = XCConfigurationList;
			buildConfigurations = (
				465A42392C049970004FECFC /* Debug */,
				465A423A2C049970004FECFC /* Release */,
			);
			defaultConfigurationIsVisible = 0;
			defaultConfigurationName = Release;
		};
/* End XCConfigurationList section */

/* Begin XCRemoteSwiftPackageReference section */
		465A42492C04B06A004FECFC /* XCRemoteSwiftPackageReference "Kingfisher" */ = {
			isa = XCRemoteSwiftPackageReference;
			repositoryURL = "https://github.com/onevcat/Kingfisher";
			requirement = {
				kind = upToNextMajorVersion;
				minimumVersion = 7.11.0;
			};
		};
/* End XCRemoteSwiftPackageReference section */

/* Begin XCSwiftPackageProductDependency section */
		465A424A2C04B06A004FECFC /* Kingfisher */ = {
			isa = XCSwiftPackageProductDependency;
			package = 465A42492C04B06A004FECFC /* XCRemoteSwiftPackageReference "Kingfisher" */;
			productName = Kingfisher;
		};
/* End XCSwiftPackageProductDependency section */
	};
	rootObject = 465A421C2C04996A004FECFC /* Project object */;
}
